
Microsoft Visual Studio Solution File, Format Version 12.00
# Visual Studio 15
VisualStudioVersion = 15.0.28010.2036
MinimumVisualStudioVersion = 10.0.40219.1
Project("{FAE04EC0-301F-11D3-BF4B-00C04F79EFBC}") = "VegetableSalad.DAL", "VegetableSalad.DAL\VegetableSalad.DAL.csproj", "{615FF858-0DC1-4C08-B4DD-2DA12276EE75}"
EndProject
Project("{FAE04EC0-301F-11D3-BF4B-00C04F79EFBC}") = "VegetableSalad.BLL", "VegetableSalad.BLL\VegetableSalad.BLL.csproj", "{013CAF66-FDAF-48C3-A811-8B9E3CCA680B}"
EndProject
Global
	GlobalSection(SolutionConfigurationPlatforms) = preSolution
		Debug|Any CPU = Debug|Any CPU
		Release|Any CPU = Release|Any CPU
	EndGlobalSection
	GlobalSection(ProjectConfigurationPlatforms) = postSolution
		{615FF858-0DC1-4C08-B4DD-2DA12276EE75}.Debug|Any CPU.ActiveCfg = Debug|Any CPU
		{615FF858-0DC1-4C08-B4DD-2DA12276EE75}.Debug|Any CPU.Build.0 = Debug|Any CPU
		{615FF858-0DC1-4C08-B4DD-2DA12276EE75}.Release|Any CPU.ActiveCfg = Release|Any CPU
		{615FF858-0DC1-4C08-B4DD-2DA12276EE75}.Release|Any CPU.Build.0 = Release|Any CPU
		{013CAF66-FDAF-48C3-A811-8B9E3CCA680B}.Debug|Any CPU.ActiveCfg = Debug|Any CPU
		{013CAF66-FDAF-48C3-A811-8B9E3CCA680B}.Debug|Any CPU.Build.0 = Debug|Any CPU
		{013CAF66-FDAF-48C3-A811-8B9E3CCA680B}.Release|Any CPU.ActiveCfg = Release|Any CPU
		{013CAF66-FDAF-48C3-A811-8B9E3CCA680B}.Release|Any CPU.Build.0 = Release|Any CPU
	EndGlobalSection
	GlobalSection(SolutionProperties) = preSolution
		HideSolutionNode = FALSE
	EndGlobalSection
	GlobalSection(ExtensibilityGlobals) = postSolution
		SolutionGuid = {A33CE0BD-B680-44BC-9DFB-4D8FC27A0C6E}
	EndGlobalSection
EndGlobal
